
Microsoft Visual Studio Solution File, Format Version 12.00
# Visual Studio Version 17
VisualStudioVersion = 17.6.33829.357
MinimumVisualStudioVersion = 10.0.40219.1
Project("{FAE04EC0-301F-11D3-BF4B-00C04F79EFBC}") = "WpfApp1", "WpfApp1\WpfApp1.csproj", "{57FD23CF-DA62-4F42-B623-3D1C6A0D54AA}"
EndProject
Global
	GlobalSection(SolutionConfigurationPlatforms) = preSolution
		Debug|Any CPU = Debug|Any CPU
		Release|Any CPU = Release|Any CPU
	EndGlobalSection
	GlobalSection(ProjectConfigurationPlatforms) = postSolution
		{57FD23CF-DA62-4F42-B623-3D1C6A0D54AA}.Debug|Any CPU.ActiveCfg = Debug|Any CPU
		{57FD23CF-DA62-4F42-B623-3D1C6A0D54AA}.Debug|Any CPU.Build.0 = Debug|Any CPU
		{57FD23CF-DA62-4F42-B623-3D1C6A0D54AA}.Release|Any CPU.ActiveCfg = Release|Any CPU
		{57FD23CF-DA62-4F42-B623-3D1C6A0D54AA}.Release|Any CPU.Build.0 = Release|Any CPU
	EndGlobalSection
	GlobalSection(SolutionProperties) = preSolution
		HideSolutionNode = FALSE
	EndGlobalSection
	GlobalSection(ExtensibilityGlobals) = postSolution
		SolutionGuid = {C257EC88-8263-4D25-94BF-79B137ED2BF9}
	EndGlobalSection
EndGlobal
